
Microsoft Visual Studio Solution File, Format Version 12.00
# Visual Studio Version 17
VisualStudioVersion = 17.5.33516.290
MinimumVisualStudioVersion = 10.0.40219.1
Project("{FAE04EC0-301F-11D3-BF4B-00C04F79EFBC}") = "IFTTT PC Automations", "IFTTT PC Automations\IFTTT PC Automations.csproj", "{05301CE4-ED27-4482-B6BB-60443765797B}"
EndProject
Global
	GlobalSection(SolutionConfigurationPlatforms) = preSolution
		Debug|Any CPU = Debug|Any CPU
		Release|Any CPU = Release|Any CPU
	EndGlobalSection
	GlobalSection(ProjectConfigurationPlatforms) = postSolution
		{05301CE4-ED27-4482-B6BB-60443765797B}.Debug|Any CPU.ActiveCfg = Debug|Any CPU
		{05301CE4-ED27-4482-B6BB-60443765797B}.Debug|Any CPU.Build.0 = Debug|Any CPU
		{05301CE4-ED27-4482-B6BB-60443765797B}.Release|Any CPU.ActiveCfg = Release|Any CPU
		{05301CE4-ED27-4482-B6BB-60443765797B}.Release|Any CPU.Build.0 = Release|Any CPU
	EndGlobalSection
	GlobalSection(SolutionProperties) = preSolution
		HideSolutionNode = FALSE
	EndGlobalSection
	GlobalSection(ExtensibilityGlobals) = postSolution
		SolutionGuid = {3A7034BA-5E5C-4FCB-822B-7D7E70E10C7E}
	EndGlobalSection
EndGlobal
